
Microsoft Visual Studio Solution File, Format Version 12.00
# Visual Studio 15
VisualStudioVersion = 15.0.28307.902
MinimumVisualStudioVersion = 10.0.40219.1
Project("{FAE04EC0-301F-11D3-BF4B-00C04F79EFBC}") = "web-api-demo", "web-api-demo\web-api-demo.csproj", "{1DFF42C0-7562-4892-BD66-207118ECD81B}"
EndProject
Global
	GlobalSection(SolutionConfigurationPlatforms) = preSolution
		Debug|Any CPU = Debug|Any CPU
		Release|Any CPU = Release|Any CPU
	EndGlobalSection
	GlobalSection(ProjectConfigurationPlatforms) = postSolution
		{1DFF42C0-7562-4892-BD66-207118ECD81B}.Debug|Any CPU.ActiveCfg = Debug|Any CPU
		{1DFF42C0-7562-4892-BD66-207118ECD81B}.Debug|Any CPU.Build.0 = Debug|Any CPU
		{1DFF42C0-7562-4892-BD66-207118ECD81B}.Release|Any CPU.ActiveCfg = Release|Any CPU
		{1DFF42C0-7562-4892-BD66-207118ECD81B}.Release|Any CPU.Build.0 = Release|Any CPU
	EndGlobalSection
	GlobalSection(SolutionProperties) = preSolution
		HideSolutionNode = FALSE
	EndGlobalSection
	GlobalSection(ExtensibilityGlobals) = postSolution
		SolutionGuid = {487F469D-1D73-467D-9836-D1E4882818D4}
	EndGlobalSection
EndGlobal
